
Microsoft Visual Studio Solution File, Format Version 12.00
# Visual Studio Version 17
VisualStudioVersion = 17.10.35013.160
MinimumVisualStudioVersion = 10.0.40219.1
Project("{FAE04EC0-301F-11D3-BF4B-00C04F79EFBC}") = "Day4", "Day4.csproj", "{53B6777E-DCD8-4BDE-ABAF-96940D603690}"
EndProject
Global
	GlobalSection(SolutionConfigurationPlatforms) = preSolution
		Debug|Any CPU = Debug|Any CPU
		Release|Any CPU = Release|Any CPU
	EndGlobalSection
	GlobalSection(ProjectConfigurationPlatforms) = postSolution
		{53B6777E-DCD8-4BDE-ABAF-96940D603690}.Debug|Any CPU.ActiveCfg = Debug|Any CPU
		{53B6777E-DCD8-4BDE-ABAF-96940D603690}.Debug|Any CPU.Build.0 = Debug|Any CPU
		{53B6777E-DCD8-4BDE-ABAF-96940D603690}.Release|Any CPU.ActiveCfg = Release|Any CPU
		{53B6777E-DCD8-4BDE-ABAF-96940D603690}.Release|Any CPU.Build.0 = Release|Any CPU
	EndGlobalSection
	GlobalSection(SolutionProperties) = preSolution
		HideSolutionNode = FALSE
	EndGlobalSection
	GlobalSection(ExtensibilityGlobals) = postSolution
		SolutionGuid = {1B056144-8F93-44FC-879B-2ABA6CF91205}
	EndGlobalSection
EndGlobal
